
Microsoft Visual Studio Solution File, Format Version 12.00
Project("{FAE04EC0-301F-11D3-BF4B-00C04F79EFBC}") = "DevNews.Functions", "DevNews.Functions\DevNews.Functions.csproj", "{82C10955-8B14-4FA8-90F6-5784D73904FC}"
EndProject
Project("{FAE04EC0-301F-11D3-BF4B-00C04F79EFBC}") = "DevNews.Domain", "DevNews.Domain\DevNews.Domain.csproj", "{24187F1B-0863-4D8F-9C0D-22B943737C4C}"
EndProject
Project("{FAE04EC0-301F-11D3-BF4B-00C04F79EFBC}") = "DevNews.Application", "DevNews.Application\DevNews.Application.csproj", "{576AE3F3-4564-45EE-B7B6-E6F32C3D659E}"
EndProject
Project("{FAE04EC0-301F-11D3-BF4B-00C04F79EFBC}") = "DevNews.Infrastructure", "DevNews.Infrastructure\DevNews.Infrastructure.csproj", "{7476F382-FFA3-4275-95A3-8F92111728FD}"
EndProject
Project("{2150E333-8FDC-42A3-9474-1A3956D46DE8}") = "src", "src", "{0A3FBB06-371B-4FB0-B482-C08BB8696057}"
EndProject
Project("{2150E333-8FDC-42A3-9474-1A3956D46DE8}") = "instructions", "instructions", "{D25DCA44-156A-4023-A1AC-E432DDA8C12D}"
	ProjectSection(SolutionItems) = preProject
		CLAUDE.md = CLAUDE.md
	EndProjectSection
EndProject
Global
	GlobalSection(SolutionConfigurationPlatforms) = preSolution
		Debug|Any CPU = Debug|Any CPU
		Release|Any CPU = Release|Any CPU
	EndGlobalSection
	GlobalSection(ProjectConfigurationPlatforms) = postSolution
		{82C10955-8B14-4FA8-90F6-5784D73904FC}.Debug|Any CPU.ActiveCfg = Debug|Any CPU
		{82C10955-8B14-4FA8-90F6-5784D73904FC}.Debug|Any CPU.Build.0 = Debug|Any CPU
		{82C10955-8B14-4FA8-90F6-5784D73904FC}.Release|Any CPU.ActiveCfg = Release|Any CPU
		{82C10955-8B14-4FA8-90F6-5784D73904FC}.Release|Any CPU.Build.0 = Release|Any CPU
		{24187F1B-0863-4D8F-9C0D-22B943737C4C}.Debug|Any CPU.ActiveCfg = Debug|Any CPU
		{24187F1B-0863-4D8F-9C0D-22B943737C4C}.Debug|Any CPU.Build.0 = Debug|Any CPU
		{24187F1B-0863-4D8F-9C0D-22B943737C4C}.Release|Any CPU.ActiveCfg = Release|Any CPU
		{24187F1B-0863-4D8F-9C0D-22B943737C4C}.Release|Any CPU.Build.0 = Release|Any CPU
		{576AE3F3-4564-45EE-B7B6-E6F32C3D659E}.Debug|Any CPU.ActiveCfg = Debug|Any CPU
		{576AE3F3-4564-45EE-B7B6-E6F32C3D659E}.Debug|Any CPU.Build.0 = Debug|Any CPU
		{576AE3F3-4564-45EE-B7B6-E6F32C3D659E}.Release|Any CPU.ActiveCfg = Release|Any CPU
		{576AE3F3-4564-45EE-B7B6-E6F32C3D659E}.Release|Any CPU.Build.0 = Release|Any CPU
		{7476F382-FFA3-4275-95A3-8F92111728FD}.Debug|Any CPU.ActiveCfg = Debug|Any CPU
		{7476F382-FFA3-4275-95A3-8F92111728FD}.Debug|Any CPU.Build.0 = Debug|Any CPU
		{7476F382-FFA3-4275-95A3-8F92111728FD}.Release|Any CPU.ActiveCfg = Release|Any CPU
		{7476F382-FFA3-4275-95A3-8F92111728FD}.Release|Any CPU.Build.0 = Release|Any CPU
	EndGlobalSection
	GlobalSection(NestedProjects) = preSolution
		{576AE3F3-4564-45EE-B7B6-E6F32C3D659E} = {0A3FBB06-371B-4FB0-B482-C08BB8696057}
		{24187F1B-0863-4D8F-9C0D-22B943737C4C} = {0A3FBB06-371B-4FB0-B482-C08BB8696057}
		{82C10955-8B14-4FA8-90F6-5784D73904FC} = {0A3FBB06-371B-4FB0-B482-C08BB8696057}
		{7476F382-FFA3-4275-95A3-8F92111728FD} = {0A3FBB06-371B-4FB0-B482-C08BB8696057}
	EndGlobalSection
EndGlobal
